<?xml version="1.0" encoding="utf-8"?>
<Project ToolsVersion="4.0" xmlns="http://schemas.microsoft.com/developer/msbuild/2003">
  <ItemGroup>
    <Filter Include="源文件">
      <UniqueIdentifier>{4FC737F1-C7A5-4376-A066-2A32D752A2FF}</UniqueIdentifier>
      <Extensions>cpp;c;cc;cxx;def;odl;idl;hpj;bat;asm;asmx</Extensions>
    </Filter>
    <Filter Include="头文件">
      <UniqueIdentifier>{93995380-89BD-4b04-88EB-625FBE52EBFB}</UniqueIdentifier>
      <Extensions>h;hpp;hxx;hm;inl;inc;xsd</Extensions>
    </Filter>
    <Filter Include="资源文件">
      <UniqueIdentifier>{67DA6AB6-F800-4c08-8B7A-83BB121AAD01}</UniqueIdentifier>
      <Extensions>rc;ico;cur;bmp;dlg;rc2;rct;bin;rgs;gif;jpg;jpeg;jpe;resx;tiff;tif;png;wav;mfcribbon-ms</Extensions>
    </Filter>
  </ItemGroup>
  <ItemGroup>
    <ClCompile Include="src\Common.cpp">
      <Filter>源文件</Filter>
    </ClCompile>
    <ClCompile Include="src\DataBase.cpp">
      <Filter>源文件</Filter>
    </ClCompile>
    <ClCompile Include="src\Effect.cpp">
      <Filter>源文件</Filter>
    </ClCompile>
    <ClCompile Include="src\GameObject.cpp">
      <Filter>源文件</Filter>
    </ClCompile>
    <ClCompile Include="src\GameWorld.cpp">
      <Filter>源文件</Filter>
    </ClCompile>
    <ClCompile Include="src\Handler.cpp">
      <Filter>源文件</Filter>
    </ClCompile>
    <ClCompile Include="src\Item.cpp">
      <Filter>源文件</Filter>
    </ClCompile>
    <ClCompile Include="src\Main.cpp">
      <Filter>源文件</Filter>
    </ClCompile>
    <ClCompile Include="src\MapEvent.cpp">
      <Filter>源文件</Filter>
    </ClCompile>
    <ClCompile Include="src\Network.cpp">
      <Filter>源文件</Filter>
    </ClCompile>
    <ClCompile Include="src\NewServer.cpp">
      <Filter>源文件</Filter>
    </ClCompile>
    <ClCompile Include="src\Player.cpp">
      <Filter>源文件</Filter>
    </ClCompile>
    <ClCompile Include="src\Skill.cpp">
      <Filter>源文件</Filter>
    </ClCompile>
    <ClCompile Include="src\Stage.cpp">
      <Filter>源文件</Filter>
    </ClCompile>
    <ClCompile Include="src\Status.cpp">
      <Filter>源文件</Filter>
    </ClCompile>
    <ClCompile Include="src\stdafx.cpp">
      <Filter>源文件</Filter>
    </ClCompile>
    <ClCompile Include="src\Quest.cpp">
      <Filter>源文件</Filter>
    </ClCompile>
  </ItemGroup>
  <ItemGroup>
    <ClInclude Include="src\Common.h">
      <Filter>头文件</Filter>
    </ClInclude>
    <ClInclude Include="src\DataBase.h">
      <Filter>头文件</Filter>
    </ClInclude>
    <ClInclude Include="src\Effect.h">
      <Filter>头文件</Filter>
    </ClInclude>
    <ClInclude Include="src\GameObject.h">
      <Filter>头文件</Filter>
    </ClInclude>
    <ClInclude Include="src\GameWorld.h">
      <Filter>头文件</Filter>
    </ClInclude>
    <ClInclude Include="src\Handler.h">
      <Filter>头文件</Filter>
    </ClInclude>
    <ClInclude Include="src\Item.h">
      <Filter>头文件</Filter>
    </ClInclude>
    <ClInclude Include="src\MapEvent.h">
      <Filter>头文件</Filter>
    </ClInclude>
    <ClInclude Include="src\Network.h">
      <Filter>头文件</Filter>
    </ClInclude>
    <ClInclude Include="src\NewServer.h">
      <Filter>头文件</Filter>
    </ClInclude>
    <ClInclude Include="src\Player.h">
      <Filter>头文件</Filter>
    </ClInclude>
    <ClInclude Include="src\Skill.h">
      <Filter>头文件</Filter>
    </ClInclude>
    <ClInclude Include="src\Stage.h">
      <Filter>头文件</Filter>
    </ClInclude>
    <ClInclude Include="src\Status.h">
      <Filter>头文件</Filter>
    </ClInclude>
    <ClInclude Include="src\stdafx.h">
      <Filter>头文件</Filter>
    </ClInclude>
    <ClInclude Include="src\Quest.h">
      <Filter>头文件</Filter>
    </ClInclude>
  </ItemGroup>
</Project>